
Microsoft Visual Studio Solution File, Format Version 12.00
# Visual Studio Version 16
VisualStudioVersion = 16.0.30204.135
MinimumVisualStudioVersion = 10.0.40219.1
Project("{FAE04EC0-301F-11D3-BF4B-00C04F79EFBC}") = "BrainSimulator", "BrainSimulator\BrainSimulator.csproj", "{A9535788-CE97-43CE-90E3-964A1704C0F2}"
	ProjectSection(ProjectDependencies) = postProject
		{FD48314A-9615-4BA6-913A-03787FB2DD30} = {FD48314A-9615-4BA6-913A-03787FB2DD30}
		{ED5BEA74-23FD-496D-87A7-88CB42D1E051} = {ED5BEA74-23FD-496D-87A7-88CB42D1E051}
	EndProjectSection
EndProject
Project("{8BC9CEB8-8B4A-11D0-8D11-00A0C91BC942}") = "WebCamLib", "WebCamLib\WebCamLib.vcxproj", "{FD48314A-9615-4BA6-913A-03787FB2DD30}"
EndProject
Project("{FAE04EC0-301F-11D3-BF4B-00C04F79EFBC}") = "WebCamWrapper", "WebCamWrapper\WebCamWrapper.csproj", "{CC5D5149-0092-4508-AC34-2ABE1468A1C9}"
EndProject
Project("{8BC9CEB8-8B4A-11D0-8D11-00A0C91BC942}") = "NeuronEngine", "NeuronEngine\NeuronEngine.vcxproj", "{ED5BEA74-23FD-496D-87A7-88CB42D1E051}"
EndProject
Project("{8BC9CEB8-8B4A-11D0-8D11-00A0C91BC942}") = "CppEngineTest", "CppEngineTest\CppEngineTest.vcxproj", "{00D43CB0-D4E5-49F5-A822-02582529C5CD}"
EndProject
Project("{8BC9CEB8-8B4A-11D0-8D11-00A0C91BC942}") = "NeuronEngineWrapper", "NeuronEngineWrapper\NeuronEngineWrapper.vcxproj", "{958DED44-BE0D-429C-8957-042BBFFA5096}"
EndProject
Project("{FAE04EC0-301F-11D3-BF4B-00C04F79EFBC}") = "CsEngineTest", "CsEngineTest\CsEngineTest.csproj", "{9969A573-1206-4B2B-81AA-605503429DCD}"
	ProjectSection(ProjectDependencies) = postProject
		{ED5BEA74-23FD-496D-87A7-88CB42D1E051} = {ED5BEA74-23FD-496D-87A7-88CB42D1E051}
	EndProjectSection
EndProject
Project("{FAE04EC0-301F-11D3-BF4B-00C04F79EFBC}") = "NeuronServer", "NeuronServer\NeuronServer.csproj", "{1A69EBDD-F997-436E-A21E-B536050C5221}"
	ProjectSection(ProjectDependencies) = postProject
		{ED5BEA74-23FD-496D-87A7-88CB42D1E051} = {ED5BEA74-23FD-496D-87A7-88CB42D1E051}
	EndProjectSection
EndProject
Global
	GlobalSection(SolutionConfigurationPlatforms) = preSolution
		Debug|Any CPU = Debug|Any CPU
		Debug|x64 = Debug|x64
		Release|Any CPU = Release|Any CPU
		Release|x64 = Release|x64
	EndGlobalSection
	GlobalSection(ProjectConfigurationPlatforms) = postSolution
		{A9535788-CE97-43CE-90E3-964A1704C0F2}.Debug|Any CPU.ActiveCfg = Debug|Any CPU
		{A9535788-CE97-43CE-90E3-964A1704C0F2}.Debug|Any CPU.Build.0 = Debug|Any CPU
		{A9535788-CE97-43CE-90E3-964A1704C0F2}.Debug|x64.ActiveCfg = Debug|x64
		{A9535788-CE97-43CE-90E3-964A1704C0F2}.Debug|x64.Build.0 = Debug|x64
		{A9535788-CE97-43CE-90E3-964A1704C0F2}.Release|Any CPU.ActiveCfg = Release|Any CPU
		{A9535788-CE97-43CE-90E3-964A1704C0F2}.Release|Any CPU.Build.0 = Release|Any CPU
		{A9535788-CE97-43CE-90E3-964A1704C0F2}.Release|x64.ActiveCfg = Release|x64
		{A9535788-CE97-43CE-90E3-964A1704C0F2}.Release|x64.Build.0 = Release|x64
		{FD48314A-9615-4BA6-913A-03787FB2DD30}.Debug|Any CPU.ActiveCfg = Debug|Win32
		{FD48314A-9615-4BA6-913A-03787FB2DD30}.Debug|x64.ActiveCfg = Debug|x64
		{FD48314A-9615-4BA6-913A-03787FB2DD30}.Debug|x64.Build.0 = Debug|x64
		{FD48314A-9615-4BA6-913A-03787FB2DD30}.Release|Any CPU.ActiveCfg = Release|Win32
		{FD48314A-9615-4BA6-913A-03787FB2DD30}.Release|x64.ActiveCfg = Release|x64
		{FD48314A-9615-4BA6-913A-03787FB2DD30}.Release|x64.Build.0 = Release|x64
		{CC5D5149-0092-4508-AC34-2ABE1468A1C9}.Debug|Any CPU.ActiveCfg = Debug|Any CPU
		{CC5D5149-0092-4508-AC34-2ABE1468A1C9}.Debug|Any CPU.Build.0 = Debug|Any CPU
		{CC5D5149-0092-4508-AC34-2ABE1468A1C9}.Debug|x64.ActiveCfg = Debug|x64
		{CC5D5149-0092-4508-AC34-2ABE1468A1C9}.Debug|x64.Build.0 = Debug|x64
		{CC5D5149-0092-4508-AC34-2ABE1468A1C9}.Release|Any CPU.ActiveCfg = Release|Any CPU
		{CC5D5149-0092-4508-AC34-2ABE1468A1C9}.Release|Any CPU.Build.0 = Release|Any CPU
		{CC5D5149-0092-4508-AC34-2ABE1468A1C9}.Release|x64.ActiveCfg = Release|x64
		{CC5D5149-0092-4508-AC34-2ABE1468A1C9}.Release|x64.Build.0 = Release|x64
		{ED5BEA74-23FD-496D-87A7-88CB42D1E051}.Debug|Any CPU.ActiveCfg = Debug|x64
		{ED5BEA74-23FD-496D-87A7-88CB42D1E051}.Debug|x64.ActiveCfg = Debug|x64
		{ED5BEA74-23FD-496D-87A7-88CB42D1E051}.Debug|x64.Build.0 = Debug|x64
		{ED5BEA74-23FD-496D-87A7-88CB42D1E051}.Release|Any CPU.ActiveCfg = Release|x64
		{ED5BEA74-23FD-496D-87A7-88CB42D1E051}.Release|x64.ActiveCfg = Release|x64
		{ED5BEA74-23FD-496D-87A7-88CB42D1E051}.Release|x64.Build.0 = Release|x64
		{00D43CB0-D4E5-49F5-A822-02582529C5CD}.Debug|Any CPU.ActiveCfg = Debug|Win32
		{00D43CB0-D4E5-49F5-A822-02582529C5CD}.Debug|x64.ActiveCfg = Debug|x64
		{00D43CB0-D4E5-49F5-A822-02582529C5CD}.Release|Any CPU.ActiveCfg = Release|Win32
		{00D43CB0-D4E5-49F5-A822-02582529C5CD}.Release|x64.ActiveCfg = Release|x64
		{958DED44-BE0D-429C-8957-042BBFFA5096}.Debug|Any CPU.ActiveCfg = Debug|Win32
		{958DED44-BE0D-429C-8957-042BBFFA5096}.Debug|x64.ActiveCfg = Debug|x64
		{958DED44-BE0D-429C-8957-042BBFFA5096}.Debug|x64.Build.0 = Debug|x64
		{958DED44-BE0D-429C-8957-042BBFFA5096}.Release|Any CPU.ActiveCfg = Release|Win32
		{958DED44-BE0D-429C-8957-042BBFFA5096}.Release|x64.ActiveCfg = Release|x64
		{958DED44-BE0D-429C-8957-042BBFFA5096}.Release|x64.Build.0 = Release|x64
		{9969A573-1206-4B2B-81AA-605503429DCD}.Debug|Any CPU.ActiveCfg = Debug|Any CPU
		{9969A573-1206-4B2B-81AA-605503429DCD}.Debug|Any CPU.Build.0 = Debug|Any CPU
		{9969A573-1206-4B2B-81AA-605503429DCD}.Debug|x64.ActiveCfg = Debug|x64
		{9969A573-1206-4B2B-81AA-605503429DCD}.Release|Any CPU.ActiveCfg = Release|Any CPU
		{9969A573-1206-4B2B-81AA-605503429DCD}.Release|Any CPU.Build.0 = Release|Any CPU
		{9969A573-1206-4B2B-81AA-605503429DCD}.Release|x64.ActiveCfg = Release|x64
		{1A69EBDD-F997-436E-A21E-B536050C5221}.Debug|Any CPU.ActiveCfg = Debug|Any CPU
		{1A69EBDD-F997-436E-A21E-B536050C5221}.Debug|Any CPU.Build.0 = Debug|Any CPU
		{1A69EBDD-F997-436E-A21E-B536050C5221}.Debug|x64.ActiveCfg = Debug|x64
		{1A69EBDD-F997-436E-A21E-B536050C5221}.Debug|x64.Build.0 = Debug|x64
		{1A69EBDD-F997-436E-A21E-B536050C5221}.Release|Any CPU.ActiveCfg = Release|Any CPU
		{1A69EBDD-F997-436E-A21E-B536050C5221}.Release|Any CPU.Build.0 = Release|Any CPU
		{1A69EBDD-F997-436E-A21E-B536050C5221}.Release|x64.ActiveCfg = Release|x64
		{1A69EBDD-F997-436E-A21E-B536050C5221}.Release|x64.Build.0 = Release|x64
	EndGlobalSection
	GlobalSection(SolutionProperties) = preSolution
		HideSolutionNode = FALSE
	EndGlobalSection
	GlobalSection(ExtensibilityGlobals) = postSolution
		SolutionGuid = {5BA1730C-CB74-487C-8891-72E18E8B28B7}
	EndGlobalSection
EndGlobal
