
Microsoft Visual Studio Solution File, Format Version 12.00
# Visual Studio Version 16
VisualStudioVersion = 16.0.30204.135
MinimumVisualStudioVersion = 10.0.40219.1
Project("{FAE04EC0-301F-11D3-BF4B-00C04F79EFBC}") = "BrainSimulator", "BrainSimulator\BrainSimulator.csproj", "{A9535788-CE97-43CE-90E3-964A1704C0F2}"
EndProject
Project("{8BC9CEB8-8B4A-11D0-8D11-00A0C91BC942}") = "WebCamLib", "WebCamLib\WebCamLib.vcxproj", "{FD48314A-9615-4BA6-913A-03787FB2DD30}"
EndProject
Project("{FAE04EC0-301F-11D3-BF4B-00C04F79EFBC}") = "WebCamWrapper", "WebCamWrapper\WebCamWrapper.csproj", "{CC5D5149-0092-4508-AC34-2ABE1468A1C9}"
EndProject
Global
	GlobalSection(SolutionConfigurationPlatforms) = preSolution
		Debug|Any CPU = Debug|Any CPU
		Debug|x64 = Debug|x64
		Debug|x86 = Debug|x86
		Release|Any CPU = Release|Any CPU
		Release|x64 = Release|x64
		Release|x86 = Release|x86
	EndGlobalSection
	GlobalSection(ProjectConfigurationPlatforms) = postSolution
		{A9535788-CE97-43CE-90E3-964A1704C0F2}.Debug|Any CPU.ActiveCfg = Debug|x64
		{A9535788-CE97-43CE-90E3-964A1704C0F2}.Debug|Any CPU.Build.0 = Debug|x64
		{A9535788-CE97-43CE-90E3-964A1704C0F2}.Debug|x64.ActiveCfg = Debug|x64
		{A9535788-CE97-43CE-90E3-964A1704C0F2}.Debug|x64.Build.0 = Debug|x64
		{A9535788-CE97-43CE-90E3-964A1704C0F2}.Debug|x86.ActiveCfg = Debug|Any CPU
		{A9535788-CE97-43CE-90E3-964A1704C0F2}.Debug|x86.Build.0 = Debug|Any CPU
		{A9535788-CE97-43CE-90E3-964A1704C0F2}.Release|Any CPU.ActiveCfg = Release|x64
		{A9535788-CE97-43CE-90E3-964A1704C0F2}.Release|Any CPU.Build.0 = Release|x64
		{A9535788-CE97-43CE-90E3-964A1704C0F2}.Release|x64.ActiveCfg = Release|Any CPU
		{A9535788-CE97-43CE-90E3-964A1704C0F2}.Release|x64.Build.0 = Release|Any CPU
		{A9535788-CE97-43CE-90E3-964A1704C0F2}.Release|x86.ActiveCfg = Release|Any CPU
		{A9535788-CE97-43CE-90E3-964A1704C0F2}.Release|x86.Build.0 = Release|Any CPU
		{FD48314A-9615-4BA6-913A-03787FB2DD30}.Debug|Any CPU.ActiveCfg = Debug|x64
		{FD48314A-9615-4BA6-913A-03787FB2DD30}.Debug|Any CPU.Build.0 = Debug|x64
		{FD48314A-9615-4BA6-913A-03787FB2DD30}.Debug|x64.ActiveCfg = Debug|x64
		{FD48314A-9615-4BA6-913A-03787FB2DD30}.Debug|x64.Build.0 = Debug|x64
		{FD48314A-9615-4BA6-913A-03787FB2DD30}.Debug|x86.ActiveCfg = Debug|Win32
		{FD48314A-9615-4BA6-913A-03787FB2DD30}.Debug|x86.Build.0 = Debug|Win32
		{FD48314A-9615-4BA6-913A-03787FB2DD30}.Release|Any CPU.ActiveCfg = Release|x64
		{FD48314A-9615-4BA6-913A-03787FB2DD30}.Release|Any CPU.Build.0 = Release|x64
		{FD48314A-9615-4BA6-913A-03787FB2DD30}.Release|x64.ActiveCfg = Release|x64
		{FD48314A-9615-4BA6-913A-03787FB2DD30}.Release|x64.Build.0 = Release|x64
		{FD48314A-9615-4BA6-913A-03787FB2DD30}.Release|x86.ActiveCfg = Release|Win32
		{FD48314A-9615-4BA6-913A-03787FB2DD30}.Release|x86.Build.0 = Release|Win32
		{CC5D5149-0092-4508-AC34-2ABE1468A1C9}.Debug|Any CPU.ActiveCfg = Debug|x64
		{CC5D5149-0092-4508-AC34-2ABE1468A1C9}.Debug|Any CPU.Build.0 = Debug|x64
		{CC5D5149-0092-4508-AC34-2ABE1468A1C9}.Debug|x64.ActiveCfg = Debug|x64
		{CC5D5149-0092-4508-AC34-2ABE1468A1C9}.Debug|x64.Build.0 = Debug|x64
		{CC5D5149-0092-4508-AC34-2ABE1468A1C9}.Debug|x86.ActiveCfg = Debug|Any CPU
		{CC5D5149-0092-4508-AC34-2ABE1468A1C9}.Debug|x86.Build.0 = Debug|Any CPU
		{CC5D5149-0092-4508-AC34-2ABE1468A1C9}.Release|Any CPU.ActiveCfg = Release|x64
		{CC5D5149-0092-4508-AC34-2ABE1468A1C9}.Release|Any CPU.Build.0 = Release|x64
		{CC5D5149-0092-4508-AC34-2ABE1468A1C9}.Release|x64.ActiveCfg = Release|x64
		{CC5D5149-0092-4508-AC34-2ABE1468A1C9}.Release|x64.Build.0 = Release|x64
		{CC5D5149-0092-4508-AC34-2ABE1468A1C9}.Release|x86.ActiveCfg = Release|Any CPU
		{CC5D5149-0092-4508-AC34-2ABE1468A1C9}.Release|x86.Build.0 = Release|Any CPU
	EndGlobalSection
	GlobalSection(SolutionProperties) = preSolution
		HideSolutionNode = FALSE
	EndGlobalSection
	GlobalSection(ExtensibilityGlobals) = postSolution
		SolutionGuid = {5BA1730C-CB74-487C-8891-72E18E8B28B7}
	EndGlobalSection
EndGlobal
